// !$*UTF8*$!
{
	archiveVersion = 1;
	classes = {
	};
	objectVersion = 55;
	objects = {

/* Begin PBXBuildFile section */
		55D13176272DEBFC00D99F4A /* Tests_iOS.swift in Sources */ = {isa = PBXBuildFile; fileRef = 55D13175272DEBFC00D99F4A /* Tests_iOS.swift */; };
		55D13178272DEBFC00D99F4A /* Tests_iOSLaunchTests.swift in Sources */ = {isa = PBXBuildFile; fileRef = 55D13177272DEBFC00D99F4A /* Tests_iOSLaunchTests.swift */; };
		55D13182272DEBFC00D99F4A /* Tests_macOS.swift in Sources */ = {isa = PBXBuildFile; fileRef = 55D13181272DEBFC00D99F4A /* Tests_macOS.swift */; };
		55D13184272DEBFC00D99F4A /* Tests_macOSLaunchTests.swift in Sources */ = {isa = PBXBuildFile; fileRef = 55D13183272DEBFC00D99F4A /* Tests_macOSLaunchTests.swift */; };
		55D13185272DEBFC00D99F4A /* VerboseWaffle.xcdatamodeld in Sources */ = {isa = PBXBuildFile; fileRef = 55D1315A272DEBFB00D99F4A /* VerboseWaffle.xcdatamodeld */; };
		55D13186272DEBFC00D99F4A /* VerboseWaffle.xcdatamodeld in Sources */ = {isa = PBXBuildFile; fileRef = 55D1315A272DEBFB00D99F4A /* VerboseWaffle.xcdatamodeld */; };
		55D13187272DEBFC00D99F4A /* VerboseWaffleApp.swift in Sources */ = {isa = PBXBuildFile; fileRef = 55D1315C272DEBFB00D99F4A /* VerboseWaffleApp.swift */; };
		55D13188272DEBFC00D99F4A /* VerboseWaffleApp.swift in Sources */ = {isa = PBXBuildFile; fileRef = 55D1315C272DEBFB00D99F4A /* VerboseWaffleApp.swift */; };
		55D13189272DEBFC00D99F4A /* ContentView.swift in Sources */ = {isa = PBXBuildFile; fileRef = 55D1315D272DEBFB00D99F4A /* ContentView.swift */; };
		55D1318A272DEBFC00D99F4A /* ContentView.swift in Sources */ = {isa = PBXBuildFile; fileRef = 55D1315D272DEBFB00D99F4A /* ContentView.swift */; };
		55D1318B272DEBFC00D99F4A /* Persistence.swift in Sources */ = {isa = PBXBuildFile; fileRef = 55D1315E272DEBFB00D99F4A /* Persistence.swift */; };
		55D1318C272DEBFC00D99F4A /* Persistence.swift in Sources */ = {isa = PBXBuildFile; fileRef = 55D1315E272DEBFB00D99F4A /* Persistence.swift */; };
		55D1318D272DEBFC00D99F4A /* Assets.xcassets in Resources */ = {isa = PBXBuildFile; fileRef = 55D1315F272DEBFC00D99F4A /* Assets.xcassets */; };
		55D1318E272DEBFC00D99F4A /* Assets.xcassets in Resources */ = {isa = PBXBuildFile; fileRef = 55D1315F272DEBFC00D99F4A /* Assets.xcassets */; };
/* End PBXBuildFile section */

/* Begin PBXContainerItemProxy section */
		55D13172272DEBFC00D99F4A /* PBXContainerItemProxy */ = {
			isa = PBXContainerItemProxy;
			containerPortal = 55D13155272DEBFB00D99F4A /* Project object */;
			proxyType = 1;
			remoteGlobalIDString = 55D13163272DEBFC00D99F4A;
			remoteInfo = "VerboseWaffle (iOS)";
		};
		55D1317E272DEBFC00D99F4A /* PBXContainerItemProxy */ = {
			isa = PBXContainerItemProxy;
			containerPortal = 55D13155272DEBFB00D99F4A /* Project object */;
			proxyType = 1;
			remoteGlobalIDString = 55D13169272DEBFC00D99F4A;
			remoteInfo = "VerboseWaffle (macOS)";
		};
/* End PBXContainerItemProxy section */

/* Begin PBXFileReference section */
		55D1315B272DEBFB00D99F4A /* Shared.xcdatamodel */ = {isa = PBXFileReference; lastKnownFileType = wrapper.xcdatamodel; path = Shared.xcdatamodel; sourceTree = "<group>"; };
		55D1315C272DEBFB00D99F4A /* VerboseWaffleApp.swift */ = {isa = PBXFileReference; lastKnownFileType = sourcecode.swift; path = VerboseWaffleApp.swift; sourceTree = "<group>"; };
		55D1315D272DEBFB00D99F4A /* ContentView.swift */ = {isa = PBXFileReference; lastKnownFileType = sourcecode.swift; path = ContentView.swift; sourceTree = "<group>"; };
		55D1315E272DEBFB00D99F4A /* Persistence.swift */ = {isa = PBXFileReference; lastKnownFileType = sourcecode.swift; path = Persistence.swift; sourceTree = "<group>"; };
		55D1315F272DEBFC00D99F4A /* Assets.xcassets */ = {isa = PBXFileReference; lastKnownFileType = folder.assetcatalog; path = Assets.xcassets; sourceTree = "<group>"; };
		55D13164272DEBFC00D99F4A /* VerboseWaffle.app */ = {isa = PBXFileReference; explicitFileType = wrapper.application; includeInIndex = 0; path = VerboseWaffle.app; sourceTree = BUILT_PRODUCTS_DIR; };
		55D1316A272DEBFC00D99F4A /* VerboseWaffle.app */ = {isa = PBXFileReference; explicitFileType = wrapper.application; includeInIndex = 0; path = VerboseWaffle.app; sourceTree = BUILT_PRODUCTS_DIR; };
		55D1316C272DEBFC00D99F4A /* macOS.entitlements */ = {isa = PBXFileReference; lastKnownFileType = text.plist.entitlements; path = macOS.entitlements; sourceTree = "<group>"; };
		55D13171272DEBFC00D99F4A /* Tests iOS.xctest */ = {isa = PBXFileReference; explicitFileType = wrapper.cfbundle; includeInIndex = 0; path = "Tests iOS.xctest"; sourceTree = BUILT_PRODUCTS_DIR; };
		55D13175272DEBFC00D99F4A /* Tests_iOS.swift */ = {isa = PBXFileReference; lastKnownFileType = sourcecode.swift; path = Tests_iOS.swift; sourceTree = "<group>"; };
		55D13177272DEBFC00D99F4A /* Tests_iOSLaunchTests.swift */ = {isa = PBXFileReference; lastKnownFileType = sourcecode.swift; path = Tests_iOSLaunchTests.swift; sourceTree = "<group>"; };
		55D1317D272DEBFC00D99F4A /* Tests macOS.xctest */ = {isa = PBXFileReference; explicitFileType = wrapper.cfbundle; includeInIndex = 0; path = "Tests macOS.xctest"; sourceTree = BUILT_PRODUCTS_DIR; };
		55D13181272DEBFC00D99F4A /* Tests_macOS.swift */ = {isa = PBXFileReference; lastKnownFileType = sourcecode.swift; path = Tests_macOS.swift; sourceTree = "<group>"; };
		55D13183272DEBFC00D99F4A /* Tests_macOSLaunchTests.swift */ = {isa = PBXFileReference; lastKnownFileType = sourcecode.swift; path = Tests_macOSLaunchTests.swift; sourceTree = "<group>"; };
/* End PBXFileReference section */

/* Begin PBXFrameworksBuildPhase section */
		55D13161272DEBFC00D99F4A /* Frameworks */ = {
			isa = PBXFrameworksBuildPhase;
			buildActionMask = 2147483647;
			files = (
			);
			runOnlyForDeploymentPostprocessing = 0;
		};
		55D13167272DEBFC00D99F4A /* Frameworks */ = {
			isa = PBXFrameworksBuildPhase;
			buildActionMask = 2147483647;
			files = (
			);
			runOnlyForDeploymentPostprocessing = 0;
		};
		55D1316E272DEBFC00D99F4A /* Frameworks */ = {
			isa = PBXFrameworksBuildPhase;
			buildActionMask = 2147483647;
			files = (
			);
			runOnlyForDeploymentPostprocessing = 0;
		};
		55D1317A272DEBFC00D99F4A /* Frameworks */ = {
			isa = PBXFrameworksBuildPhase;
			buildActionMask = 2147483647;
			files = (
			);
			runOnlyForDeploymentPostprocessing = 0;
		};
/* End PBXFrameworksBuildPhase section */

/* Begin PBXGroup section */
		55D13154272DEBFB00D99F4A = {
			isa = PBXGroup;
			children = (
				55D13159272DEBFB00D99F4A /* Shared */,
				55D1316B272DEBFC00D99F4A /* macOS */,
				55D13174272DEBFC00D99F4A /* Tests iOS */,
				55D13180272DEBFC00D99F4A /* Tests macOS */,
				55D13165272DEBFC00D99F4A /* Products */,
			);
			sourceTree = "<group>";
		};
		55D13159272DEBFB00D99F4A /* Shared */ = {
			isa = PBXGroup;
			children = (
				55D1315C272DEBFB00D99F4A /* VerboseWaffleApp.swift */,
				55D1315D272DEBFB00D99F4A /* ContentView.swift */,
				55D1315E272DEBFB00D99F4A /* Persistence.swift */,
				55D1315F272DEBFC00D99F4A /* Assets.xcassets */,
				55D1315A272DEBFB00D99F4A /* VerboseWaffle.xcdatamodeld */,
			);
			path = Shared;
			sourceTree = "<group>";
		};
		55D13165272DEBFC00D99F4A /* Products */ = {
			isa = PBXGroup;
			children = (
				55D13164272DEBFC00D99F4A /* VerboseWaffle.app */,
				55D1316A272DEBFC00D99F4A /* VerboseWaffle.app */,
				55D13171272DEBFC00D99F4A /* Tests iOS.xctest */,
				55D1317D272DEBFC00D99F4A /* Tests macOS.xctest */,
			);
			name = Products;
			sourceTree = "<group>";
		};
		55D1316B272DEBFC00D99F4A /* macOS */ = {
			isa = PBXGroup;
			children = (
				55D1316C272DEBFC00D99F4A /* macOS.entitlements */,
			);
			path = macOS;
			sourceTree = "<group>";
		};
		55D13174272DEBFC00D99F4A /* Tests iOS */ = {
			isa = PBXGroup;
			children = (
				55D13175272DEBFC00D99F4A /* Tests_iOS.swift */,
				55D13177272DEBFC00D99F4A /* Tests_iOSLaunchTests.swift */,
			);
			path = "Tests iOS";
			sourceTree = "<group>";
		};
		55D13180272DEBFC00D99F4A /* Tests macOS */ = {
			isa = PBXGroup;
			children = (
				55D13181272DEBFC00D99F4A /* Tests_macOS.swift */,
				55D13183272DEBFC00D99F4A /* Tests_macOSLaunchTests.swift */,
			);
			path = "Tests macOS";
			sourceTree = "<group>";
		};
/* End PBXGroup section */

/* Begin PBXNativeTarget section */
		55D13163272DEBFC00D99F4A /* VerboseWaffle (iOS) */ = {
			isa = PBXNativeTarget;
			buildConfigurationList = 55D13191272DEBFC00D99F4A /* Build configuration list for PBXNativeTarget "VerboseWaffle (iOS)" */;
			buildPhases = (
				55D13160272DEBFC00D99F4A /* Sources */,
				55D13161272DEBFC00D99F4A /* Frameworks */,
				55D13162272DEBFC00D99F4A /* Resources */,
			);
			buildRules = (
			);
			dependencies = (
			);
			name = "VerboseWaffle (iOS)";
			productName = "VerboseWaffle (iOS)";
			productReference = 55D13164272DEBFC00D99F4A /* VerboseWaffle.app */;
			productType = "com.apple.product-type.application";
		};
		55D13169272DEBFC00D99F4A /* VerboseWaffle (macOS) */ = {
			isa = PBXNativeTarget;
			buildConfigurationList = 55D13194272DEBFC00D99F4A /* Build configuration list for PBXNativeTarget "VerboseWaffle (macOS)" */;
			buildPhases = (
				55D13166272DEBFC00D99F4A /* Sources */,
				55D13167272DEBFC00D99F4A /* Frameworks */,
				55D13168272DEBFC00D99F4A /* Resources */,
			);
			buildRules = (
			);
			dependencies = (
			);
			name = "VerboseWaffle (macOS)";
			productName = "VerboseWaffle (macOS)";
			productReference = 55D1316A272DEBFC00D99F4A /* VerboseWaffle.app */;
			productType = "com.apple.product-type.application";
		};
		55D13170272DEBFC00D99F4A /* Tests iOS */ = {
			isa = PBXNativeTarget;
			buildConfigurationList = 55D13197272DEBFC00D99F4A /* Build configuration list for PBXNativeTarget "Tests iOS" */;
			buildPhases = (
				55D1316D272DEBFC00D99F4A /* Sources */,
				55D1316E272DEBFC00D99F4A /* Frameworks */,
				55D1316F272DEBFC00D99F4A /* Resources */,
			);
			buildRules = (
			);
			dependencies = (
				55D13173272DEBFC00D99F4A /* PBXTargetDependency */,
			);
			name = "Tests iOS";
			productName = "Tests iOS";
			productReference = 55D13171272DEBFC00D99F4A /* Tests iOS.xctest */;
			productType = "com.apple.product-type.bundle.ui-testing";
		};
		55D1317C272DEBFC00D99F4A /* Tests macOS */ = {
			isa = PBXNativeTarget;
			buildConfigurationList = 55D1319A272DEBFC00D99F4A /* Build configuration list for PBXNativeTarget "Tests macOS" */;
			buildPhases = (
				55D13179272DEBFC00D99F4A /* Sources */,
				55D1317A272DEBFC00D99F4A /* Frameworks */,
				55D1317B272DEBFC00D99F4A /* Resources */,
			);
			buildRules = (
			);
			dependencies = (
				55D1317F272DEBFC00D99F4A /* PBXTargetDependency */,
			);
			name = "Tests macOS";
			productName = "Tests macOS";
			productReference = 55D1317D272DEBFC00D99F4A /* Tests macOS.xctest */;
			productType = "com.apple.product-type.bundle.ui-testing";
		};
/* End PBXNativeTarget section */

/* Begin PBXProject section */
		55D13155272DEBFB00D99F4A /* Project object */ = {
			isa = PBXProject;
			attributes = {
				BuildIndependentTargetsInParallel = 1;
				LastSwiftUpdateCheck = 1310;
				LastUpgradeCheck = 1310;
				TargetAttributes = {
					55D13163272DEBFC00D99F4A = {
						CreatedOnToolsVersion = 13.1;
					};
					55D13169272DEBFC00D99F4A = {
						CreatedOnToolsVersion = 13.1;
					};
					55D13170272DEBFC00D99F4A = {
						CreatedOnToolsVersion = 13.1;
						TestTargetID = 55D13163272DEBFC00D99F4A;
					};
					55D1317C272DEBFC00D99F4A = {
						CreatedOnToolsVersion = 13.1;
						TestTargetID = 55D13169272DEBFC00D99F4A;
					};
				};
			};
			buildConfigurationList = 55D13158272DEBFB00D99F4A /* Build configuration list for PBXProject "VerboseWaffle" */;
			compatibilityVersion = "Xcode 13.0";
			developmentRegion = en;
			hasScannedForEncodings = 0;
			knownRegions = (
				en,
				Base,
			);
			mainGroup = 55D13154272DEBFB00D99F4A;
			productRefGroup = 55D13165272DEBFC00D99F4A /* Products */;
			projectDirPath = "";
			projectRoot = "";
			targets = (
				55D13163272DEBFC00D99F4A /* VerboseWaffle (iOS) */,
				55D13169272DEBFC00D99F4A /* VerboseWaffle (macOS) */,
				55D13170272DEBFC00D99F4A /* Tests iOS */,
				55D1317C272DEBFC00D99F4A /* Tests macOS */,
			);
		};
/* End PBXProject section */

/* Begin PBXResourcesBuildPhase section */
		55D13162272DEBFC00D99F4A /* Resources */ = {
			isa = PBXResourcesBuildPhase;
			buildActionMask = 2147483647;
			files = (
				55D1318D272DEBFC00D99F4A /* Assets.xcassets in Resources */,
			);
			runOnlyForDeploymentPostprocessing = 0;
		};
		55D13168272DEBFC00D99F4A /* Resources */ = {
			isa = PBXResourcesBuildPhase;
			buildActionMask = 2147483647;
			files = (
				55D1318E272DEBFC00D99F4A /* Assets.xcassets in Resources */,
			);
			runOnlyForDeploymentPostprocessing = 0;
		};
		55D1316F272DEBFC00D99F4A /* Resources */ = {
			isa = PBXResourcesBuildPhase;
			buildActionMask = 2147483647;
			files = (
			);
			runOnlyForDeploymentPostprocessing = 0;
		};
		55D1317B272DEBFC00D99F4A /* Resources */ = {
			isa = PBXResourcesBuildPhase;
			buildActionMask = 2147483647;
			files = (
			);
			runOnlyForDeploymentPostprocessing = 0;
		};
/* End PBXResourcesBuildPhase section */

/* Begin PBXSourcesBuildPhase section */
		55D13160272DEBFC00D99F4A /* Sources */ = {
			isa = PBXSourcesBuildPhase;
			buildActionMask = 2147483647;
			files = (
				55D13185272DEBFC00D99F4A /* VerboseWaffle.xcdatamodeld in Sources */,
				55D1318B272DEBFC00D99F4A /* Persistence.swift in Sources */,
				55D13187272DEBFC00D99F4A /* VerboseWaffleApp.swift in Sources */,
				55D13189272DEBFC00D99F4A /* ContentView.swift in Sources */,
			);
			runOnlyForDeploymentPostprocessing = 0;
		};
		55D13166272DEBFC00D99F4A /* Sources */ = {
			isa = PBXSourcesBuildPhase;
			buildActionMask = 2147483647;
			files = (
				55D13186272DEBFC00D99F4A /* VerboseWaffle.xcdatamodeld in Sources */,
				55D1318C272DEBFC00D99F4A /* Persistence.swift in Sources */,
				55D13188272DEBFC00D99F4A /* VerboseWaffleApp.swift in Sources */,
				55D1318A272DEBFC00D99F4A /* ContentView.swift in Sources */,
			);
			runOnlyForDeploymentPostprocessing = 0;
		};
		55D1316D272DEBFC00D99F4A /* Sources */ = {
			isa = PBXSourcesBuildPhase;
			buildActionMask = 2147483647;
			files = (
				55D13178272DEBFC00D99F4A /* Tests_iOSLaunchTests.swift in Sources */,
				55D13176272DEBFC00D99F4A /* Tests_iOS.swift in Sources */,
			);
			runOnlyForDeploymentPostprocessing = 0;
		};
		55D13179272DEBFC00D99F4A /* Sources */ = {
			isa = PBXSourcesBuildPhase;
			buildActionMask = 2147483647;
			files = (
				55D13184272DEBFC00D99F4A /* Tests_macOSLaunchTests.swift in Sources */,
				55D13182272DEBFC00D99F4A /* Tests_macOS.swift in Sources */,
			);
			runOnlyForDeploymentPostprocessing = 0;
		};
/* End PBXSourcesBuildPhase section */

/* Begin PBXTargetDependency section */
		55D13173272DEBFC00D99F4A /* PBXTargetDependency */ = {
			isa = PBXTargetDependency;
			target = 55D13163272DEBFC00D99F4A /* VerboseWaffle (iOS) */;
			targetProxy = 55D13172272DEBFC00D99F4A /* PBXContainerItemProxy */;
		};
		55D1317F272DEBFC00D99F4A /* PBXTargetDependency */ = {
			isa = PBXTargetDependency;
			target = 55D13169272DEBFC00D99F4A /* VerboseWaffle (macOS) */;
			targetProxy = 55D1317E272DEBFC00D99F4A /* PBXContainerItemProxy */;
		};
/* End PBXTargetDependency section */

/* Begin XCBuildConfiguration section */
		55D1318F272DEBFC00D99F4A /* Debug */ = {
			isa = XCBuildConfiguration;
			buildSettings = {
				ALWAYS_SEARCH_USER_PATHS = NO;
				CLANG_ANALYZER_NONNULL = YES;
				CLANG_ANALYZER_NUMBER_OBJECT_CONVERSION = YES_AGGRESSIVE;
				CLANG_CXX_LANGUAGE_STANDARD = "gnu++17";
				CLANG_CXX_LIBRARY = "libc++";
				CLANG_ENABLE_MODULES = YES;
				CLANG_ENABLE_OBJC_ARC = YES;
				CLANG_ENABLE_OBJC_WEAK = YES;
				CLANG_WARN_BLOCK_CAPTURE_AUTORELEASING = YES;
				CLANG_WARN_BOOL_CONVERSION = YES;
				CLANG_WARN_COMMA = YES;
				CLANG_WARN_CONSTANT_CONVERSION = YES;
				CLANG_WARN_DEPRECATED_OBJC_IMPLEMENTATIONS = YES;
				CLANG_WARN_DIRECT_OBJC_ISA_USAGE = YES_ERROR;
				CLANG_WARN_DOCUMENTATION_COMMENTS = YES;
				CLANG_WARN_EMPTY_BODY = YES;
				CLANG_WARN_ENUM_CONVERSION = YES;
				CLANG_WARN_INFINITE_RECURSION = YES;
				CLANG_WARN_INT_CONVERSION = YES;
				CLANG_WARN_NON_LITERAL_NULL_CONVERSION = YES;
				CLANG_WARN_OBJC_IMPLICIT_RETAIN_SELF = YES;
				CLANG_WARN_OBJC_LITERAL_CONVERSION = YES;
				CLANG_WARN_OBJC_ROOT_CLASS = YES_ERROR;
				CLANG_WARN_QUOTED_INCLUDE_IN_FRAMEWORK_HEADER = YES;
				CLANG_WARN_RANGE_LOOP_ANALYSIS = YES;
				CLANG_WARN_STRICT_PROTOTYPES = YES;
				CLANG_WARN_SUSPICIOUS_MOVE = YES;
				CLANG_WARN_UNGUARDED_AVAILABILITY = YES_AGGRESSIVE;
				CLANG_WARN_UNREACHABLE_CODE = YES;
				CLANG_WARN__DUPLICATE_METHOD_MATCH = YES;
				COPY_PHASE_STRIP = NO;
				DEBUG_INFORMATION_FORMAT = dwarf;
				ENABLE_STRICT_OBJC_MSGSEND = YES;
				ENABLE_TESTABILITY = YES;
				GCC_C_LANGUAGE_STANDARD = gnu11;
				GCC_DYNAMIC_NO_PIC = NO;
				GCC_NO_COMMON_BLOCKS = YES;
				GCC_OPTIMIZATION_LEVEL = 0;
				GCC_PREPROCESSOR_DEFINITIONS = (
					"DEBUG=1",
					"$(inherited)",
				);
				GCC_WARN_64_TO_32_BIT_CONVERSION = YES;
				GCC_WARN_ABOUT_RETURN_TYPE = YES_ERROR;
				GCC_WARN_UNDECLARED_SELECTOR = YES;
				GCC_WARN_UNINITIALIZED_AUTOS = YES_AGGRESSIVE;
				GCC_WARN_UNUSED_FUNCTION = YES;
				GCC_WARN_UNUSED_VARIABLE = YES;
				MTL_ENABLE_DEBUG_INFO = INCLUDE_SOURCE;
				MTL_FAST_MATH = YES;
				ONLY_ACTIVE_ARCH = YES;
				SWIFT_ACTIVE_COMPILATION_CONDITIONS = DEBUG;
				SWIFT_OPTIMIZATION_LEVEL = "-Onone";
			};
			name = Debug;
		};
		55D13190272DEBFC00D99F4A /* Release */ = {
			isa = XCBuildConfiguration;
			buildSettings = {
				ALWAYS_SEARCH_USER_PATHS = NO;
				CLANG_ANALYZER_NONNULL = YES;
				CLANG_ANALYZER_NUMBER_OBJECT_CONVERSION = YES_AGGRESSIVE;
				CLANG_CXX_LANGUAGE_STANDARD = "gnu++17";
				CLANG_CXX_LIBRARY = "libc++";
				CLANG_ENABLE_MODULES = YES;
				CLANG_ENABLE_OBJC_ARC = YES;
				CLANG_ENABLE_OBJC_WEAK = YES;
				CLANG_WARN_BLOCK_CAPTURE_AUTORELEASING = YES;
				CLANG_WARN_BOOL_CONVERSION = YES;
				CLANG_WARN_COMMA = YES;
				CLANG_WARN_CONSTANT_CONVERSION = YES;
				CLANG_WARN_DEPRECATED_OBJC_IMPLEMENTATIONS = YES;
				CLANG_WARN_DIRECT_OBJC_ISA_USAGE = YES_ERROR;
				CLANG_WARN_DOCUMENTATION_COMMENTS = YES;
				CLANG_WARN_EMPTY_BODY = YES;
				CLANG_WARN_ENUM_CONVERSION = YES;
				CLANG_WARN_INFINITE_RECURSION = YES;
				CLANG_WARN_INT_CONVERSION = YES;
				CLANG_WARN_NON_LITERAL_NULL_CONVERSION = YES;
				CLANG_WARN_OBJC_IMPLICIT_RETAIN_SELF = YES;
				CLANG_WARN_OBJC_LITERAL_CONVERSION = YES;
				CLANG_WARN_OBJC_ROOT_CLASS = YES_ERROR;
				CLANG_WARN_QUOTED_INCLUDE_IN_FRAMEWORK_HEADER = YES;
				CLANG_WARN_RANGE_LOOP_ANALYSIS = YES;
				CLANG_WARN_STRICT_PROTOTYPES = YES;
				CLANG_WARN_SUSPICIOUS_MOVE = YES;
				CLANG_WARN_UNGUARDED_AVAILABILITY = YES_AGGRESSIVE;
				CLANG_WARN_UNREACHABLE_CODE = YES;
				CLANG_WARN__DUPLICATE_METHOD_MATCH = YES;
				COPY_PHASE_STRIP = NO;
				DEBUG_INFORMATION_FORMAT = "dwarf-with-dsym";
				ENABLE_NS_ASSERTIONS = NO;
				ENABLE_STRICT_OBJC_MSGSEND = YES;
				GCC_C_LANGUAGE_STANDARD = gnu11;
				GCC_NO_COMMON_BLOCKS = YES;
				GCC_WARN_64_TO_32_BIT_CONVERSION = YES;
				GCC_WARN_ABOUT_RETURN_TYPE = YES_ERROR;
				GCC_WARN_UNDECLARED_SELECTOR = YES;
				GCC_WARN_UNINITIALIZED_AUTOS = YES_AGGRESSIVE;
				GCC_WARN_UNUSED_FUNCTION = YES;
				GCC_WARN_UNUSED_VARIABLE = YES;
				MTL_ENABLE_DEBUG_INFO = NO;
				MTL_FAST_MATH = YES;
				SWIFT_COMPILATION_MODE = wholemodule;
				SWIFT_OPTIMIZATION_LEVEL = "-O";
			};
			name = Release;
		};
		55D13192272DEBFC00D99F4A /* Debug */ = {
			isa = XCBuildConfiguration;
			buildSettings = {
				ASSETCATALOG_COMPILER_APPICON_NAME = AppIcon;
				ASSETCATALOG_COMPILER_GLOBAL_ACCENT_COLOR_NAME = AccentColor;
				CODE_SIGN_STYLE = Automatic;
				CURRENT_PROJECT_VERSION = 1;
				DEVELOPMENT_TEAM = F3MQX39TPJ;
				ENABLE_PREVIEWS = YES;
				GENERATE_INFOPLIST_FILE = YES;
				INFOPLIST_KEY_UIApplicationSceneManifest_Generation = YES;
				INFOPLIST_KEY_UIApplicationSupportsIndirectInputEvents = YES;
				INFOPLIST_KEY_UILaunchScreen_Generation = YES;
				INFOPLIST_KEY_UISupportedInterfaceOrientations_iPad = "UIInterfaceOrientationPortrait UIInterfaceOrientationPortraitUpsideDown UIInterfaceOrientationLandscapeLeft UIInterfaceOrientationLandscapeRight";
				INFOPLIST_KEY_UISupportedInterfaceOrientations_iPhone = "UIInterfaceOrientationPortrait UIInterfaceOrientationLandscapeLeft UIInterfaceOrientationLandscapeRight";
				IPHONEOS_DEPLOYMENT_TARGET = 15.0;
				LD_RUNPATH_SEARCH_PATHS = (
					"$(inherited)",
					"@executable_path/Frameworks",
				);
				MARKETING_VERSION = 1.0;
				PRODUCT_BUNDLE_IDENTIFIER = edu.asu.hcbowman.VerboseWaffle;
				PRODUCT_NAME = VerboseWaffle;
				SDKROOT = iphoneos;
				SWIFT_EMIT_LOC_STRINGS = YES;
				SWIFT_VERSION = 5.0;
				TARGETED_DEVICE_FAMILY = "1,2";
			};
			name = Debug;
		};
		55D13193272DEBFC00D99F4A /* Release */ = {
			isa = XCBuildConfiguration;
			buildSettings = {
				ASSETCATALOG_COMPILER_APPICON_NAME = AppIcon;
				ASSETCATALOG_COMPILER_GLOBAL_ACCENT_COLOR_NAME = AccentColor;
				CODE_SIGN_STYLE = Automatic;
				CURRENT_PROJECT_VERSION = 1;
				DEVELOPMENT_TEAM = F3MQX39TPJ;
				ENABLE_PREVIEWS = YES;
				GENERATE_INFOPLIST_FILE = YES;
				INFOPLIST_KEY_UIApplicationSceneManifest_Generation = YES;
				INFOPLIST_KEY_UIApplicationSupportsIndirectInputEvents = YES;
				INFOPLIST_KEY_UILaunchScreen_Generation = YES;
				INFOPLIST_KEY_UISupportedInterfaceOrientations_iPad = "UIInterfaceOrientationPortrait UIInterfaceOrientationPortraitUpsideDown UIInterfaceOrientationLandscapeLeft UIInterfaceOrientationLandscapeRight";
				INFOPLIST_KEY_UISupportedInterfaceOrientations_iPhone = "UIInterfaceOrientationPortrait UIInterfaceOrientationLandscapeLeft UIInterfaceOrientationLandscapeRight";
				IPHONEOS_DEPLOYMENT_TARGET = 15.0;
				LD_RUNPATH_SEARCH_PATHS = (
					"$(inherited)",
					"@executable_path/Frameworks",
				);
				MARKETING_VERSION = 1.0;
				PRODUCT_BUNDLE_IDENTIFIER = edu.asu.hcbowman.VerboseWaffle;
				PRODUCT_NAME = VerboseWaffle;
				SDKROOT = iphoneos;
				SWIFT_EMIT_LOC_STRINGS = YES;
				SWIFT_VERSION = 5.0;
				TARGETED_DEVICE_FAMILY = "1,2";
				VALIDATE_PRODUCT = YES;
			};
			name = Release;
		};
		55D13195272DEBFC00D99F4A /* Debug */ = {
			isa = XCBuildConfiguration;
			buildSettings = {
				ASSETCATALOG_COMPILER_APPICON_NAME = AppIcon;
				ASSETCATALOG_COMPILER_GLOBAL_ACCENT_COLOR_NAME = AccentColor;
				CODE_SIGN_ENTITLEMENTS = macOS/macOS.entitlements;
				CODE_SIGN_STYLE = Automatic;
				COMBINE_HIDPI_IMAGES = YES;
				CURRENT_PROJECT_VERSION = 1;
				DEVELOPMENT_TEAM = F3MQX39TPJ;
				ENABLE_HARDENED_RUNTIME = YES;
				ENABLE_PREVIEWS = YES;
				GENERATE_INFOPLIST_FILE = YES;
				INFOPLIST_KEY_NSHumanReadableCopyright = "";
				LD_RUNPATH_SEARCH_PATHS = (
					"$(inherited)",
					"@executable_path/../Frameworks",
				);
				MACOSX_DEPLOYMENT_TARGET = 12.0;
				MARKETING_VERSION = 1.0;
				PRODUCT_BUNDLE_IDENTIFIER = edu.asu.hcbowman.VerboseWaffle;
				PRODUCT_NAME = VerboseWaffle;
				SDKROOT = macosx;
				SWIFT_EMIT_LOC_STRINGS = YES;
				SWIFT_VERSION = 5.0;
			};
			name = Debug;
		};
		55D13196272DEBFC00D99F4A /* Release */ = {
			isa = XCBuildConfiguration;
			buildSettings = {
				ASSETCATALOG_COMPILER_APPICON_NAME = AppIcon;
				ASSETCATALOG_COMPILER_GLOBAL_ACCENT_COLOR_NAME = AccentColor;
				CODE_SIGN_ENTITLEMENTS = macOS/macOS.entitlements;
				CODE_SIGN_STYLE = Automatic;
				COMBINE_HIDPI_IMAGES = YES;
				CURRENT_PROJECT_VERSION = 1;
				DEVELOPMENT_TEAM = F3MQX39TPJ;
				ENABLE_HARDENED_RUNTIME = YES;
				ENABLE_PREVIEWS = YES;
				GENERATE_INFOPLIST_FILE = YES;
				INFOPLIST_KEY_NSHumanReadableCopyright = "";
				LD_RUNPATH_SEARCH_PATHS = (
					"$(inherited)",
					"@executable_path/../Frameworks",
				);
				MACOSX_DEPLOYMENT_TARGET = 12.0;
				MARKETING_VERSION = 1.0;
				PRODUCT_BUNDLE_IDENTIFIER = edu.asu.hcbowman.VerboseWaffle;
				PRODUCT_NAME = VerboseWaffle;
				SDKROOT = macosx;
				SWIFT_EMIT_LOC_STRINGS = YES;
				SWIFT_VERSION = 5.0;
			};
			name = Release;
		};
		55D13198272DEBFC00D99F4A /* Debug */ = {
			isa = XCBuildConfiguration;
			buildSettings = {
				ALWAYS_EMBED_SWIFT_STANDARD_LIBRARIES = YES;
				CODE_SIGN_STYLE = Automatic;
				CURRENT_PROJECT_VERSION = 1;
				DEVELOPMENT_TEAM = F3MQX39TPJ;
				GENERATE_INFOPLIST_FILE = YES;
				IPHONEOS_DEPLOYMENT_TARGET = 15.0;
				LD_RUNPATH_SEARCH_PATHS = (
					"$(inherited)",
					"@executable_path/Frameworks",
					"@loader_path/Frameworks",
				);
				MARKETING_VERSION = 1.0;
				PRODUCT_BUNDLE_IDENTIFIER = "edu.asu.hcbowman.Tests-iOS";
				PRODUCT_NAME = "$(TARGET_NAME)";
				SDKROOT = iphoneos;
				SWIFT_EMIT_LOC_STRINGS = NO;
				SWIFT_VERSION = 5.0;
				TARGETED_DEVICE_FAMILY = "1,2";
				TEST_TARGET_NAME = "VerboseWaffle (iOS)";
			};
			name = Debug;
		};
		55D13199272DEBFC00D99F4A /* Release */ = {
			isa = XCBuildConfiguration;
			buildSettings = {
				ALWAYS_EMBED_SWIFT_STANDARD_LIBRARIES = YES;
				CODE_SIGN_STYLE = Automatic;
				CURRENT_PROJECT_VERSION = 1;
				DEVELOPMENT_TEAM = F3MQX39TPJ;
				GENERATE_INFOPLIST_FILE = YES;
				IPHONEOS_DEPLOYMENT_TARGET = 15.0;
				LD_RUNPATH_SEARCH_PATHS = (
					"$(inherited)",
					"@executable_path/Frameworks",
					"@loader_path/Frameworks",
				);
				MARKETING_VERSION = 1.0;
				PRODUCT_BUNDLE_IDENTIFIER = "edu.asu.hcbowman.Tests-iOS";
				PRODUCT_NAME = "$(TARGET_NAME)";
				SDKROOT = iphoneos;
				SWIFT_EMIT_LOC_STRINGS = NO;
				SWIFT_VERSION = 5.0;
				TARGETED_DEVICE_FAMILY = "1,2";
				TEST_TARGET_NAME = "VerboseWaffle (iOS)";
				VALIDATE_PRODUCT = YES;
			};
			name = Release;
		};
		55D1319B272DEBFC00D99F4A /* Debug */ = {
			isa = XCBuildConfiguration;
			buildSettings = {
				ALWAYS_EMBED_SWIFT_STANDARD_LIBRARIES = YES;
				CODE_SIGN_STYLE = Automatic;
				COMBINE_HIDPI_IMAGES = YES;
				CURRENT_PROJECT_VERSION = 1;
				DEVELOPMENT_TEAM = F3MQX39TPJ;
				GENERATE_INFOPLIST_FILE = YES;
				LD_RUNPATH_SEARCH_PATHS = (
					"$(inherited)",
					"@executable_path/../Frameworks",
					"@loader_path/../Frameworks",
				);
				MACOSX_DEPLOYMENT_TARGET = 12.0;
				MARKETING_VERSION = 1.0;
				PRODUCT_BUNDLE_IDENTIFIER = "edu.asu.hcbowman.Tests-macOS";
				PRODUCT_NAME = "$(TARGET_NAME)";
				SDKROOT = macosx;
				SWIFT_EMIT_LOC_STRINGS = NO;
				SWIFT_VERSION = 5.0;
				TEST_TARGET_NAME = "VerboseWaffle (macOS)";
			};
			name = Debug;
		};
		55D1319C272DEBFC00D99F4A /* Release */ = {
			isa = XCBuildConfiguration;
			buildSettings = {
				ALWAYS_EMBED_SWIFT_STANDARD_LIBRARIES = YES;
				CODE_SIGN_STYLE = Automatic;
				COMBINE_HIDPI_IMAGES = YES;
				CURRENT_PROJECT_VERSION = 1;
				DEVELOPMENT_TEAM = F3MQX39TPJ;
				GENERATE_INFOPLIST_FILE = YES;
				LD_RUNPATH_SEARCH_PATHS = (
					"$(inherited)",
					"@executable_path/../Frameworks",
					"@loader_path/../Frameworks",
				);
				MACOSX_DEPLOYMENT_TARGET = 12.0;
				MARKETING_VERSION = 1.0;
				PRODUCT_BUNDLE_IDENTIFIER = "edu.asu.hcbowman.Tests-macOS";
				PRODUCT_NAME = "$(TARGET_NAME)";
				SDKROOT = macosx;
				SWIFT_EMIT_LOC_STRINGS = NO;
				SWIFT_VERSION = 5.0;
				TEST_TARGET_NAME = "VerboseWaffle (macOS)";
			};
			name = Release;
		};
/* End XCBuildConfiguration section */

/* Begin XCConfigurationList section */
		55D13158272DEBFB00D99F4A /* Build configuration list for PBXProject "VerboseWaffle" */ = {
			isa = XCConfigurationList;
			buildConfigurations = (
				55D1318F272DEBFC00D99F4A /* Debug */,
				55D13190272DEBFC00D99F4A /* Release */,
			);
			defaultConfigurationIsVisible = 0;
			defaultConfigurationName = Release;
		};
		55D13191272DEBFC00D99F4A /* Build configuration list for PBXNativeTarget "VerboseWaffle (iOS)" */ = {
			isa = XCConfigurationList;
			buildConfigurations = (
				55D13192272DEBFC00D99F4A /* Debug */,
				55D13193272DEBFC00D99F4A /* Release */,
			);
			defaultConfigurationIsVisible = 0;
			defaultConfigurationName = Release;
		};
		55D13194272DEBFC00D99F4A /* Build configuration list for PBXNativeTarget "VerboseWaffle (macOS)" */ = {
			isa = XCConfigurationList;
			buildConfigurations = (
				55D13195272DEBFC00D99F4A /* Debug */,
				55D13196272DEBFC00D99F4A /* Release */,
			);
			defaultConfigurationIsVisible = 0;
			defaultConfigurationName = Release;
		};
		55D13197272DEBFC00D99F4A /* Build configuration list for PBXNativeTarget "Tests iOS" */ = {
			isa = XCConfigurationList;
			buildConfigurations = (
				55D13198272DEBFC00D99F4A /* Debug */,
				55D13199272DEBFC00D99F4A /* Release */,
			);
			defaultConfigurationIsVisible = 0;
			defaultConfigurationName = Release;
		};
		55D1319A272DEBFC00D99F4A /* Build configuration list for PBXNativeTarget "Tests macOS" */ = {
			isa = XCConfigurationList;
			buildConfigurations = (
				55D1319B272DEBFC00D99F4A /* Debug */,
				55D1319C272DEBFC00D99F4A /* Release */,
			);
			defaultConfigurationIsVisible = 0;
			defaultConfigurationName = Release;
		};
/* End XCConfigurationList section */

/* Begin XCVersionGroup section */
		55D1315A272DEBFB00D99F4A /* VerboseWaffle.xcdatamodeld */ = {
			isa = XCVersionGroup;
			children = (
				55D1315B272DEBFB00D99F4A /* Shared.xcdatamodel */,
			);
			currentVersion = 55D1315B272DEBFB00D99F4A /* Shared.xcdatamodel */;
			path = VerboseWaffle.xcdatamodeld;
			sourceTree = "<group>";
			versionGroupType = wrapper.xcdatamodel;
		};
/* End XCVersionGroup section */
	};
	rootObject = 55D13155272DEBFB00D99F4A /* Project object */;
}
